// !$*UTF8*$!
{
	archiveVersion = 1;
	classes = {
	};
	objectVersion = 48;
	objects = {

/* Begin PBXBuildFile section */
		D5896DC21F6ED24E00717AA5 /* AppDelegate.swift in Sources */ = {isa = PBXBuildFile; fileRef = D5896DC11F6ED24E00717AA5 /* AppDelegate.swift */; };
		D5896DC41F6ED24E00717AA5 /* ViewController.swift in Sources */ = {isa = PBXBuildFile; fileRef = D5896DC31F6ED24E00717AA5 /* ViewController.swift */; };
		D5896DC71F6ED24E00717AA5 /* Main.storyboard in Resources */ = {isa = PBXBuildFile; fileRef = D5896DC51F6ED24E00717AA5 /* Main.storyboard */; };
		D5896DC91F6ED24E00717AA5 /* Assets.xcassets in Resources */ = {isa = PBXBuildFile; fileRef = D5896DC81F6ED24E00717AA5 /* Assets.xcassets */; };
		D5896DCC1F6ED24E00717AA5 /* LaunchScreen.storyboard in Resources */ = {isa = PBXBuildFile; fileRef = D5896DCA1F6ED24E00717AA5 /* LaunchScreen.storyboard */; };
		D5FBA6851F6ED6C900D2F779 /* ImpulseAnimationView.swift in Sources */ = {isa = PBXBuildFile; fileRef = D5FBA6841F6ED6C900D2F779 /* ImpulseAnimationView.swift */; };
/* End PBXBuildFile section */

/* Begin PBXFileReference section */
		D5896DBE1F6ED24E00717AA5 /* ImpulseAnimation.app */ = {isa = PBXFileReference; explicitFileType = wrapper.application; includeInIndex = 0; path = ImpulseAnimation.app; sourceTree = BUILT_PRODUCTS_DIR; };
		D5896DC11F6ED24E00717AA5 /* AppDelegate.swift */ = {isa = PBXFileReference; lastKnownFileType = sourcecode.swift; path = AppDelegate.swift; sourceTree = "<group>"; };
		D5896DC31F6ED24E00717AA5 /* ViewController.swift */ = {isa = PBXFileReference; lastKnownFileType = sourcecode.swift; path = ViewController.swift; sourceTree = "<group>"; };
		D5896DC61F6ED24E00717AA5 /* Base */ = {isa = PBXFileReference; lastKnownFileType = file.storyboard; name = Base; path = Base.lproj/Main.storyboard; sourceTree = "<group>"; };
		D5896DC81F6ED24E00717AA5 /* Assets.xcassets */ = {isa = PBXFileReference; lastKnownFileType = folder.assetcatalog; path = Assets.xcassets; sourceTree = "<group>"; };
		D5896DCB1F6ED24E00717AA5 /* Base */ = {isa = PBXFileReference; lastKnownFileType = file.storyboard; name = Base; path = Base.lproj/LaunchScreen.storyboard; sourceTree = "<group>"; };
		D5896DCD1F6ED24E00717AA5 /* Info.plist */ = {isa = PBXFileReference; lastKnownFileType = text.plist.xml; path = Info.plist; sourceTree = "<group>"; };
		D5FBA6841F6ED6C900D2F779 /* ImpulseAnimationView.swift */ = {isa = PBXFileReference; lastKnownFileType = sourcecode.swift; path = ImpulseAnimationView.swift; sourceTree = "<group>"; };
/* End PBXFileReference section */

/* Begin PBXFrameworksBuildPhase section */
		D5896DBB1F6ED24E00717AA5 /* Frameworks */ = {
			isa = PBXFrameworksBuildPhase;
			buildActionMask = 2147483647;
			files = (
			);
			runOnlyForDeploymentPostprocessing = 0;
		};
/* End PBXFrameworksBuildPhase section */

/* Begin PBXGroup section */
		D5896DB51F6ED24E00717AA5 = {
			isa = PBXGroup;
			children = (
				D5896DC01F6ED24E00717AA5 /* ImpulseAnimation */,
				D5896DBF1F6ED24E00717AA5 /* Products */,
			);
			sourceTree = "<group>";
		};
		D5896DBF1F6ED24E00717AA5 /* Products */ = {
			isa = PBXGroup;
			children = (
				D5896DBE1F6ED24E00717AA5 /* ImpulseAnimation.app */,
			);
			name = Products;
			sourceTree = "<group>";
		};
		D5896DC01F6ED24E00717AA5 /* ImpulseAnimation */ = {
			isa = PBXGroup;
			children = (
				D5896DC11F6ED24E00717AA5 /* AppDelegate.swift */,
				D5896DC31F6ED24E00717AA5 /* ViewController.swift */,
				D5FBA6841F6ED6C900D2F779 /* ImpulseAnimationView.swift */,
				D5896DC51F6ED24E00717AA5 /* Main.storyboard */,
				D5896DC81F6ED24E00717AA5 /* Assets.xcassets */,
				D5896DCA1F6ED24E00717AA5 /* LaunchScreen.storyboard */,
				D5896DCD1F6ED24E00717AA5 /* Info.plist */,
			);
			path = ImpulseAnimation;
			sourceTree = "<group>";
		};
/* End PBXGroup section */

/* Begin PBXNativeTarget section */
		D5896DBD1F6ED24E00717AA5 /* ImpulseAnimation */ = {
			isa = PBXNativeTarget;
			buildConfigurationList = D5896DD01F6ED24E00717AA5 /* Build configuration list for PBXNativeTarget "ImpulseAnimation" */;
			buildPhases = (
				D5896DBA1F6ED24E00717AA5 /* Sources */,
				D5896DBB1F6ED24E00717AA5 /* Frameworks */,
				D5896DBC1F6ED24E00717AA5 /* Resources */,
			);
			buildRules = (
			);
			dependencies = (
			);
			name = ImpulseAnimation;
			productName = ImpulseAnimation;
			productReference = D5896DBE1F6ED24E00717AA5 /* ImpulseAnimation.app */;
			productType = "com.apple.product-type.application";
		};
/* End PBXNativeTarget section */

/* Begin PBXProject section */
		D5896DB61F6ED24E00717AA5 /* Project object */ = {
			isa = PBXProject;
			attributes = {
				LastSwiftUpdateCheck = 0900;
				LastUpgradeCheck = 0900;
				ORGANIZATIONNAME = "谈超";
				TargetAttributes = {
					D5896DBD1F6ED24E00717AA5 = {
						CreatedOnToolsVersion = 9.0;
					};
				};
			};
			buildConfigurationList = D5896DB91F6ED24E00717AA5 /* Build configuration list for PBXProject "ImpulseAnimation" */;
			compatibilityVersion = "Xcode 8.0";
			developmentRegion = en;
			hasScannedForEncodings = 0;
			knownRegions = (
				en,
				Base,
			);
			mainGroup = D5896DB51F6ED24E00717AA5;
			productRefGroup = D5896DBF1F6ED24E00717AA5 /* Products */;
			projectDirPath = "";
			projectRoot = "";
			targets = (
				D5896DBD1F6ED24E00717AA5 /* ImpulseAnimation */,
			);
		};
/* End PBXProject section */

/* Begin PBXResourcesBuildPhase section */
		D5896DBC1F6ED24E00717AA5 /* Resources */ = {
			isa = PBXResourcesBuildPhase;
			buildActionMask = 2147483647;
			files = (
				D5896DCC1F6ED24E00717AA5 /* LaunchScreen.storyboard in Resources */,
				D5896DC91F6ED24E00717AA5 /* Assets.xcassets in Resources */,
				D5896DC71F6ED24E00717AA5 /* Main.storyboard in Resources */,
			);
			runOnlyForDeploymentPostprocessing = 0;
		};
/* End PBXResourcesBuildPhase section */

/* Begin PBXSourcesBuildPhase section */
		D5896DBA1F6ED24E00717AA5 /* Sources */ = {
			isa = PBXSourcesBuildPhase;
			buildActionMask = 2147483647;
			files = (
				D5896DC41F6ED24E00717AA5 /* ViewController.swift in Sources */,
				D5FBA6851F6ED6C900D2F779 /* ImpulseAnimationView.swift in Sources */,
				D5896DC21F6ED24E00717AA5 /* AppDelegate.swift in Sources */,
			);
			runOnlyForDeploymentPostprocessing = 0;
		};
/* End PBXSourcesBuildPhase section */

/* Begin PBXVariantGroup section */
		D5896DC51F6ED24E00717AA5 /* Main.storyboard */ = {
			isa = PBXVariantGroup;
			children = (
				D5896DC61F6ED24E00717AA5 /* Base */,
			);
			name = Main.storyboard;
			sourceTree = "<group>";
		};
		D5896DCA1F6ED24E00717AA5 /* LaunchScreen.storyboard */ = {
			isa = PBXVariantGroup;
			children = (
				D5896DCB1F6ED24E00717AA5 /* Base */,
			);
			name = LaunchScreen.storyboard;
			sourceTree = "<group>";
		};
/* End PBXVariantGroup section */

/* Begin XCBuildConfiguration section */
		D5896DCE1F6ED24E00717AA5 /* Debug */ = {
			isa = XCBuildConfiguration;
			buildSettings = {
				ALWAYS_SEARCH_USER_PATHS = NO;
				CLANG_ANALYZER_NONNULL = YES;
				CLANG_ANALYZER_NUMBER_OBJECT_CONVERSION = YES_AGGRESSIVE;
				CLANG_CXX_LANGUAGE_STANDARD = "gnu++14";
				CLANG_CXX_LIBRARY = "libc++";
				CLANG_ENABLE_MODULES = YES;
				CLANG_ENABLE_OBJC_ARC = YES;
				CLANG_WARN_BLOCK_CAPTURE_AUTORELEASING = YES;
				CLANG_WARN_BOOL_CONVERSION = YES;
				CLANG_WARN_COMMA = YES;
				CLANG_WARN_CONSTANT_CONVERSION = YES;
				CLANG_WARN_DIRECT_OBJC_ISA_USAGE = YES_ERROR;
				CLANG_WARN_DOCUMENTATION_COMMENTS = YES;
				CLANG_WARN_EMPTY_BODY = YES;
				CLANG_WARN_ENUM_CONVERSION = YES;
				CLANG_WARN_INFINITE_RECURSION = YES;
				CLANG_WARN_INT_CONVERSION = YES;
				CLANG_WARN_OBJC_ROOT_CLASS = YES_ERROR;
				CLANG_WARN_RANGE_LOOP_ANALYSIS = YES;
				CLANG_WARN_STRICT_PROTOTYPES = YES;
				CLANG_WARN_SUSPICIOUS_MOVE = YES;
				CLANG_WARN_UNGUARDED_AVAILABILITY = YES_AGGRESSIVE;
				CLANG_WARN_UNREACHABLE_CODE = YES;
				CLANG_WARN__DUPLICATE_METHOD_MATCH = YES;
				CODE_SIGN_IDENTITY = "iPhone Developer";
				COPY_PHASE_STRIP = NO;
				DEBUG_INFORMATION_FORMAT = dwarf;
				ENABLE_STRICT_OBJC_MSGSEND = YES;
				ENABLE_TESTABILITY = YES;
				GCC_C_LANGUAGE_STANDARD = gnu11;
				GCC_DYNAMIC_NO_PIC = NO;
				GCC_NO_COMMON_BLOCKS = YES;
				GCC_OPTIMIZATION_LEVEL = 0;
				GCC_PREPROCESSOR_DEFINITIONS = (
					"DEBUG=1",
					"$(inherited)",
				);
				GCC_WARN_64_TO_32_BIT_CONVERSION = YES;
				GCC_WARN_ABOUT_RETURN_TYPE = YES_ERROR;
				GCC_WARN_UNDECLARED_SELECTOR = YES;
				GCC_WARN_UNINITIALIZED_AUTOS = YES_AGGRESSIVE;
				GCC_WARN_UNUSED_FUNCTION = YES;
				GCC_WARN_UNUSED_VARIABLE = YES;
				IPHONEOS_DEPLOYMENT_TARGET = 11.0;
				MTL_ENABLE_DEBUG_INFO = YES;
				ONLY_ACTIVE_ARCH = YES;
				SDKROOT = iphoneos;
				SWIFT_ACTIVE_COMPILATION_CONDITIONS = DEBUG;
				SWIFT_OPTIMIZATION_LEVEL = "-Onone";
			};
			name = Debug;
		};
		D5896DCF1F6ED24E00717AA5 /* Release */ = {
			isa = XCBuildConfiguration;
			buildSettings = {
				ALWAYS_SEARCH_USER_PATHS = NO;
				CLANG_ANALYZER_NONNULL = YES;
				CLANG_ANALYZER_NUMBER_OBJECT_CONVERSION = YES_AGGRESSIVE;
				CLANG_CXX_LANGUAGE_STANDARD = "gnu++14";
				CLANG_CXX_LIBRARY = "libc++";
				CLANG_ENABLE_MODULES = YES;
				CLANG_ENABLE_OBJC_ARC = YES;
				CLANG_WARN_BLOCK_CAPTURE_AUTORELEASING = YES;
				CLANG_WARN_BOOL_CONVERSION = YES;
				CLANG_WARN_COMMA = YES;
				CLANG_WARN_CONSTANT_CONVERSION = YES;
				CLANG_WARN_DIRECT_OBJC_ISA_USAGE = YES_ERROR;
				CLANG_WARN_DOCUMENTATION_COMMENTS = YES;
				CLANG_WARN_EMPTY_BODY = YES;
				CLANG_WARN_ENUM_CONVERSION = YES;
				CLANG_WARN_INFINITE_RECURSION = YES;
				CLANG_WARN_INT_CONVERSION = YES;
				CLANG_WARN_OBJC_ROOT_CLASS = YES_ERROR;
				CLANG_WARN_RANGE_LOOP_ANALYSIS = YES;
				CLANG_WARN_STRICT_PROTOTYPES = YES;
				CLANG_WARN_SUSPICIOUS_MOVE = YES;
				CLANG_WARN_UNGUARDED_AVAILABILITY = YES_AGGRESSIVE;
				CLANG_WARN_UNREACHABLE_CODE = YES;
				CLANG_WARN__DUPLICATE_METHOD_MATCH = YES;
				CODE_SIGN_IDENTITY = "iPhone Developer";
				COPY_PHASE_STRIP = NO;
				DEBUG_INFORMATION_FORMAT = "dwarf-with-dsym";
				ENABLE_NS_ASSERTIONS = NO;
				ENABLE_STRICT_OBJC_MSGSEND = YES;
				GCC_C_LANGUAGE_STANDARD = gnu11;
				GCC_NO_COMMON_BLOCKS = YES;
				GCC_WARN_64_TO_32_BIT_CONVERSION = YES;
				GCC_WARN_ABOUT_RETURN_TYPE = YES_ERROR;
				GCC_WARN_UNDECLARED_SELECTOR = YES;
				GCC_WARN_UNINITIALIZED_AUTOS = YES_AGGRESSIVE;
				GCC_WARN_UNUSED_FUNCTION = YES;
				GCC_WARN_UNUSED_VARIABLE = YES;
				IPHONEOS_DEPLOYMENT_TARGET = 11.0;
				MTL_ENABLE_DEBUG_INFO = NO;
				SDKROOT = iphoneos;
				SWIFT_OPTIMIZATION_LEVEL = "-Owholemodule";
				VALIDATE_PRODUCT = YES;
			};
			name = Release;
		};
		D5896DD11F6ED24E00717AA5 /* Debug */ = {
			isa = XCBuildConfiguration;
			buildSettings = {
				ASSETCATALOG_COMPILER_APPICON_NAME = AppIcon;
				INFOPLIST_FILE = ImpulseAnimation/Info.plist;
				LD_RUNPATH_SEARCH_PATHS = "$(inherited) @executable_path/Frameworks";
				PRODUCT_BUNDLE_IDENTIFIER = com.tanchao.ImpulseAnimation;
				PRODUCT_NAME = "$(TARGET_NAME)";
				SWIFT_VERSION = 4.0;
				TARGETED_DEVICE_FAMILY = "1,2";
			};
			name = Debug;
		};
		D5896DD21F6ED24E00717AA5 /* Release */ = {
			isa = XCBuildConfiguration;
			buildSettings = {
				ASSETCATALOG_COMPILER_APPICON_NAME = AppIcon;
				INFOPLIST_FILE = ImpulseAnimation/Info.plist;
				LD_RUNPATH_SEARCH_PATHS = "$(inherited) @executable_path/Frameworks";
				PRODUCT_BUNDLE_IDENTIFIER = com.tanchao.ImpulseAnimation;
				PRODUCT_NAME = "$(TARGET_NAME)";
				SWIFT_VERSION = 4.0;
				TARGETED_DEVICE_FAMILY = "1,2";
			};
			name = Release;
		};
/* End XCBuildConfiguration section */

/* Begin XCConfigurationList section */
		D5896DB91F6ED24E00717AA5 /* Build configuration list for PBXProject "ImpulseAnimation" */ = {
			isa = XCConfigurationList;
			buildConfigurations = (
				D5896DCE1F6ED24E00717AA5 /* Debug */,
				D5896DCF1F6ED24E00717AA5 /* Release */,
			);
			defaultConfigurationIsVisible = 0;
			defaultConfigurationName = Release;
		};
		D5896DD01F6ED24E00717AA5 /* Build configuration list for PBXNativeTarget "ImpulseAnimation" */ = {
			isa = XCConfigurationList;
			buildConfigurations = (
				D5896DD11F6ED24E00717AA5 /* Debug */,
				D5896DD21F6ED24E00717AA5 /* Release */,
			);
			defaultConfigurationIsVisible = 0;
			defaultConfigurationName = Release;
		};
/* End XCConfigurationList section */
	};
	rootObject = D5896DB61F6ED24E00717AA5 /* Project object */;
}
